
Microsoft Visual Studio Solution File, Format Version 12.00
# Visual Studio Version 16
VisualStudioVersion = 16.0.33529.622
MinimumVisualStudioVersion = 10.0.40219.1
Project("{FAE04EC0-301F-11D3-BF4B-00C04F79EFBC}") = "gameclient", "gameclient.csproj", "{9967AAAF-C10F-4E1B-8231-DFF4E652B8EE}"
EndProject
Project("{FAE04EC0-301F-11D3-BF4B-00C04F79EFBC}") = "UnitTestProject1", "UnitTestProject1\UnitTestProject1.csproj", "{14F887D2-A0F3-4D9A-81FC-8237B748FB37}"
EndProject
Global
	GlobalSection(SolutionConfigurationPlatforms) = preSolution
		Debug|Any CPU = Debug|Any CPU
		Release|Any CPU = Release|Any CPU
	EndGlobalSection
	GlobalSection(ProjectConfigurationPlatforms) = postSolution
		{9967AAAF-C10F-4E1B-8231-DFF4E652B8EE}.Debug|Any CPU.ActiveCfg = Debug|Any CPU
		{9967AAAF-C10F-4E1B-8231-DFF4E652B8EE}.Debug|Any CPU.Build.0 = Debug|Any CPU
		{9967AAAF-C10F-4E1B-8231-DFF4E652B8EE}.Release|Any CPU.ActiveCfg = Release|Any CPU
		{9967AAAF-C10F-4E1B-8231-DFF4E652B8EE}.Release|Any CPU.Build.0 = Release|Any CPU
		{14F887D2-A0F3-4D9A-81FC-8237B748FB37}.Debug|Any CPU.ActiveCfg = Debug|Any CPU
		{14F887D2-A0F3-4D9A-81FC-8237B748FB37}.Debug|Any CPU.Build.0 = Debug|Any CPU
		{14F887D2-A0F3-4D9A-81FC-8237B748FB37}.Release|Any CPU.ActiveCfg = Release|Any CPU
		{14F887D2-A0F3-4D9A-81FC-8237B748FB37}.Release|Any CPU.Build.0 = Release|Any CPU
	EndGlobalSection
	GlobalSection(SolutionProperties) = preSolution
		HideSolutionNode = FALSE
	EndGlobalSection
	GlobalSection(ExtensibilityGlobals) = postSolution
		SolutionGuid = {29D565BA-61DE-4362-A36C-14DEC11D6765}
	EndGlobalSection
EndGlobal
